// !$*UTF8*$!
{
	archiveVersion = 1;
	classes = {
	};
	objectVersion = 55;
	objects = {

/* Begin PBXBuildFile section */
		BA03162E28C64F5800F455E4 /* MainMessagesView.swift in Sources */ = {isa = PBXBuildFile; fileRef = BA03162D28C64F5800F455E4 /* MainMessagesView.swift */; };
		BA22F62D28C7422B00E856DE /* SDWebImageSwiftUI in Frameworks */ = {isa = PBXBuildFile; productRef = BA22F62C28C7422B00E856DE /* SDWebImageSwiftUI */; };
		BA22F63028C74F6400E856DE /* ChatUser.swift in Sources */ = {isa = PBXBuildFile; fileRef = BA22F62F28C74F6400E856DE /* ChatUser.swift */; };
		BAA6C88528C72CB500FF373B /* FirebaseManager.swift in Sources */ = {isa = PBXBuildFile; fileRef = BAA6C88428C72CB500FF373B /* FirebaseManager.swift */; };
		BAA8E96C28C7ABA200541CDB /* CreateNewMessageView.swift in Sources */ = {isa = PBXBuildFile; fileRef = BAA8E96B28C7ABA200541CDB /* CreateNewMessageView.swift */; };
		BAB8B6DC28C5B5CF002669C2 /* SwiftUIFirebaseChatApp.swift in Sources */ = {isa = PBXBuildFile; fileRef = BAB8B6DB28C5B5CF002669C2 /* SwiftUIFirebaseChatApp.swift */; };
		BAB8B6DE28C5B5CF002669C2 /* LoginView.swift in Sources */ = {isa = PBXBuildFile; fileRef = BAB8B6DD28C5B5CF002669C2 /* LoginView.swift */; };
		BAB8B6E028C5B5D2002669C2 /* Assets.xcassets in Resources */ = {isa = PBXBuildFile; fileRef = BAB8B6DF28C5B5D2002669C2 /* Assets.xcassets */; };
		BAB8B6E328C5B5D2002669C2 /* Preview Assets.xcassets in Resources */ = {isa = PBXBuildFile; fileRef = BAB8B6E228C5B5D2002669C2 /* Preview Assets.xcassets */; };
		BAB8B6EF28C5C319002669C2 /* GoogleService-Info.plist in Resources */ = {isa = PBXBuildFile; fileRef = BAB8B6EE28C5C318002669C2 /* GoogleService-Info.plist */; };
		BAB8B6F128C5CBD9002669C2 /* ImagePicker.swift in Sources */ = {isa = PBXBuildFile; fileRef = BAB8B6F028C5CBD9002669C2 /* ImagePicker.swift */; };
		BAB8B6F428C5E2C2002669C2 /* FirebaseAuth in Frameworks */ = {isa = PBXBuildFile; productRef = BAB8B6F328C5E2C2002669C2 /* FirebaseAuth */; };
		BAB8B6F628C5E2C2002669C2 /* FirebaseFirestore in Frameworks */ = {isa = PBXBuildFile; productRef = BAB8B6F528C5E2C2002669C2 /* FirebaseFirestore */; };
		BAB8B6F828C5E2C2002669C2 /* FirebaseStorage in Frameworks */ = {isa = PBXBuildFile; productRef = BAB8B6F728C5E2C2002669C2 /* FirebaseStorage */; };
		BAF2A45E28C8896A00E55460 /* ChatLogView.swift in Sources */ = {isa = PBXBuildFile; fileRef = BAF2A45D28C8896A00E55460 /* ChatLogView.swift */; };
/* End PBXBuildFile section */

/* Begin PBXFileReference section */
		BA03162D28C64F5800F455E4 /* MainMessagesView.swift */ = {isa = PBXFileReference; lastKnownFileType = sourcecode.swift; path = MainMessagesView.swift; sourceTree = "<group>"; };
		BA22F62F28C74F6400E856DE /* ChatUser.swift */ = {isa = PBXFileReference; lastKnownFileType = sourcecode.swift; path = ChatUser.swift; sourceTree = "<group>"; };
		BAA6C88428C72CB500FF373B /* FirebaseManager.swift */ = {isa = PBXFileReference; lastKnownFileType = sourcecode.swift; path = FirebaseManager.swift; sourceTree = "<group>"; };
		BAA8E96B28C7ABA200541CDB /* CreateNewMessageView.swift */ = {isa = PBXFileReference; lastKnownFileType = sourcecode.swift; path = CreateNewMessageView.swift; sourceTree = "<group>"; };
		BAB8B6D828C5B5CF002669C2 /* SwiftUIFirebaseChat.app */ = {isa = PBXFileReference; explicitFileType = wrapper.application; includeInIndex = 0; path = SwiftUIFirebaseChat.app; sourceTree = BUILT_PRODUCTS_DIR; };
		BAB8B6DB28C5B5CF002669C2 /* SwiftUIFirebaseChatApp.swift */ = {isa = PBXFileReference; lastKnownFileType = sourcecode.swift; path = SwiftUIFirebaseChatApp.swift; sourceTree = "<group>"; };
		BAB8B6DD28C5B5CF002669C2 /* LoginView.swift */ = {isa = PBXFileReference; lastKnownFileType = sourcecode.swift; path = LoginView.swift; sourceTree = "<group>"; };
		BAB8B6DF28C5B5D2002669C2 /* Assets.xcassets */ = {isa = PBXFileReference; lastKnownFileType = folder.assetcatalog; path = Assets.xcassets; sourceTree = "<group>"; };
		BAB8B6E228C5B5D2002669C2 /* Preview Assets.xcassets */ = {isa = PBXFileReference; lastKnownFileType = folder.assetcatalog; path = "Preview Assets.xcassets"; sourceTree = "<group>"; };
		BAB8B6EE28C5C318002669C2 /* GoogleService-Info.plist */ = {isa = PBXFileReference; fileEncoding = 4; lastKnownFileType = text.plist.xml; path = "GoogleService-Info.plist"; sourceTree = "<group>"; };
		BAB8B6F028C5CBD9002669C2 /* ImagePicker.swift */ = {isa = PBXFileReference; lastKnownFileType = sourcecode.swift; path = ImagePicker.swift; sourceTree = "<group>"; };
		BAF2A45D28C8896A00E55460 /* ChatLogView.swift */ = {isa = PBXFileReference; lastKnownFileType = sourcecode.swift; path = ChatLogView.swift; sourceTree = "<group>"; };
/* End PBXFileReference section */

/* Begin PBXFrameworksBuildPhase section */
		BAB8B6D528C5B5CF002669C2 /* Frameworks */ = {
			isa = PBXFrameworksBuildPhase;
			buildActionMask = 2147483647;
			files = (
				BA22F62D28C7422B00E856DE /* SDWebImageSwiftUI in Frameworks */,
				BAB8B6F428C5E2C2002669C2 /* FirebaseAuth in Frameworks */,
				BAB8B6F628C5E2C2002669C2 /* FirebaseFirestore in Frameworks */,
				BAB8B6F828C5E2C2002669C2 /* FirebaseStorage in Frameworks */,
			);
			runOnlyForDeploymentPostprocessing = 0;
		};
/* End PBXFrameworksBuildPhase section */

/* Begin PBXGroup section */
		BA03162C28C64F3E00F455E4 /* MainMessages */ = {
			isa = PBXGroup;
			children = (
				BAF2A45C28C8892000E55460 /* Chat */,
				BAF2A45B28C8890D00E55460 /* NewMessage */,
				BA03162D28C64F5800F455E4 /* MainMessagesView.swift */,
			);
			path = MainMessages;
			sourceTree = "<group>";
		};
		BA22F62E28C74F4700E856DE /* Model */ = {
			isa = PBXGroup;
			children = (
				BA22F62F28C74F6400E856DE /* ChatUser.swift */,
			);
			path = Model;
			sourceTree = "<group>";
		};
		BAA6C88328C72CA800FF373B /* Utils */ = {
			isa = PBXGroup;
			children = (
				BAA6C88428C72CB500FF373B /* FirebaseManager.swift */,
			);
			path = Utils;
			sourceTree = "<group>";
		};
		BAB8B6CF28C5B5CF002669C2 = {
			isa = PBXGroup;
			children = (
				BAB8B6DA28C5B5CF002669C2 /* SwiftUIFirebaseChat */,
				BAB8B6D928C5B5CF002669C2 /* Products */,
			);
			sourceTree = "<group>";
		};
		BAB8B6D928C5B5CF002669C2 /* Products */ = {
			isa = PBXGroup;
			children = (
				BAB8B6D828C5B5CF002669C2 /* SwiftUIFirebaseChat.app */,
			);
			name = Products;
			sourceTree = "<group>";
		};
		BAB8B6DA28C5B5CF002669C2 /* SwiftUIFirebaseChat */ = {
			isa = PBXGroup;
			children = (
				BA22F62E28C74F4700E856DE /* Model */,
				BAA6C88328C72CA800FF373B /* Utils */,
				BA03162C28C64F3E00F455E4 /* MainMessages */,
				BAB8B6DB28C5B5CF002669C2 /* SwiftUIFirebaseChatApp.swift */,
				BAB8B6DD28C5B5CF002669C2 /* LoginView.swift */,
				BAB8B6F028C5CBD9002669C2 /* ImagePicker.swift */,
				BAB8B6EE28C5C318002669C2 /* GoogleService-Info.plist */,
				BAB8B6DF28C5B5D2002669C2 /* Assets.xcassets */,
				BAB8B6E128C5B5D2002669C2 /* Preview Content */,
			);
			path = SwiftUIFirebaseChat;
			sourceTree = "<group>";
		};
		BAB8B6E128C5B5D2002669C2 /* Preview Content */ = {
			isa = PBXGroup;
			children = (
				BAB8B6E228C5B5D2002669C2 /* Preview Assets.xcassets */,
			);
			path = "Preview Content";
			sourceTree = "<group>";
		};
		BAF2A45B28C8890D00E55460 /* NewMessage */ = {
			isa = PBXGroup;
			children = (
				BAA8E96B28C7ABA200541CDB /* CreateNewMessageView.swift */,
			);
			path = NewMessage;
			sourceTree = "<group>";
		};
		BAF2A45C28C8892000E55460 /* Chat */ = {
			isa = PBXGroup;
			children = (
				BAF2A45D28C8896A00E55460 /* ChatLogView.swift */,
			);
			path = Chat;
			sourceTree = "<group>";
		};
/* End PBXGroup section */

/* Begin PBXNativeTarget section */
		BAB8B6D728C5B5CF002669C2 /* SwiftUIFirebaseChat */ = {
			isa = PBXNativeTarget;
			buildConfigurationList = BAB8B6E628C5B5D2002669C2 /* Build configuration list for PBXNativeTarget "SwiftUIFirebaseChat" */;
			buildPhases = (
				BAB8B6D428C5B5CF002669C2 /* Sources */,
				BAB8B6D528C5B5CF002669C2 /* Frameworks */,
				BAB8B6D628C5B5CF002669C2 /* Resources */,
			);
			buildRules = (
			);
			dependencies = (
			);
			name = SwiftUIFirebaseChat;
			packageProductDependencies = (
				BAB8B6F328C5E2C2002669C2 /* FirebaseAuth */,
				BAB8B6F528C5E2C2002669C2 /* FirebaseFirestore */,
				BAB8B6F728C5E2C2002669C2 /* FirebaseStorage */,
				BA22F62C28C7422B00E856DE /* SDWebImageSwiftUI */,
			);
			productName = SwiftUIFirebaseChat;
			productReference = BAB8B6D828C5B5CF002669C2 /* SwiftUIFirebaseChat.app */;
			productType = "com.apple.product-type.application";
		};
/* End PBXNativeTarget section */

/* Begin PBXProject section */
		BAB8B6D028C5B5CF002669C2 /* Project object */ = {
			isa = PBXProject;
			attributes = {
				BuildIndependentTargetsInParallel = 1;
				LastSwiftUpdateCheck = 1320;
				LastUpgradeCheck = 1320;
				TargetAttributes = {
					BAB8B6D728C5B5CF002669C2 = {
						CreatedOnToolsVersion = 13.2.1;
					};
				};
			};
			buildConfigurationList = BAB8B6D328C5B5CF002669C2 /* Build configuration list for PBXProject "SwiftUIFirebaseChat" */;
			compatibilityVersion = "Xcode 13.0";
			developmentRegion = en;
			hasScannedForEncodings = 0;
			knownRegions = (
				en,
				Base,
			);
			mainGroup = BAB8B6CF28C5B5CF002669C2;
			packageReferences = (
				BAB8B6F228C5E2C2002669C2 /* XCRemoteSwiftPackageReference "firebase-ios-sdk" */,
				BA22F62B28C7422B00E856DE /* XCRemoteSwiftPackageReference "SDWebImageSwiftUI" */,
			);
			productRefGroup = BAB8B6D928C5B5CF002669C2 /* Products */;
			projectDirPath = "";
			projectRoot = "";
			targets = (
				BAB8B6D728C5B5CF002669C2 /* SwiftUIFirebaseChat */,
			);
		};
/* End PBXProject section */

/* Begin PBXResourcesBuildPhase section */
		BAB8B6D628C5B5CF002669C2 /* Resources */ = {
			isa = PBXResourcesBuildPhase;
			buildActionMask = 2147483647;
			files = (
				BAB8B6E328C5B5D2002669C2 /* Preview Assets.xcassets in Resources */,
				BAB8B6E028C5B5D2002669C2 /* Assets.xcassets in Resources */,
				BAB8B6EF28C5C319002669C2 /* GoogleService-Info.plist in Resources */,
			);
			runOnlyForDeploymentPostprocessing = 0;
		};
/* End PBXResourcesBuildPhase section */

/* Begin PBXSourcesBuildPhase section */
		BAB8B6D428C5B5CF002669C2 /* Sources */ = {
			isa = PBXSourcesBuildPhase;
			buildActionMask = 2147483647;
			files = (
				BA22F63028C74F6400E856DE /* ChatUser.swift in Sources */,
				BAF2A45E28C8896A00E55460 /* ChatLogView.swift in Sources */,
				BAB8B6F128C5CBD9002669C2 /* ImagePicker.swift in Sources */,
				BA03162E28C64F5800F455E4 /* MainMessagesView.swift in Sources */,
				BAA6C88528C72CB500FF373B /* FirebaseManager.swift in Sources */,
				BAA8E96C28C7ABA200541CDB /* CreateNewMessageView.swift in Sources */,
				BAB8B6DE28C5B5CF002669C2 /* LoginView.swift in Sources */,
				BAB8B6DC28C5B5CF002669C2 /* SwiftUIFirebaseChatApp.swift in Sources */,
			);
			runOnlyForDeploymentPostprocessing = 0;
		};
/* End PBXSourcesBuildPhase section */

/* Begin XCBuildConfiguration section */
		BAB8B6E428C5B5D2002669C2 /* Debug */ = {
			isa = XCBuildConfiguration;
			buildSettings = {
				ALWAYS_SEARCH_USER_PATHS = NO;
				CLANG_ANALYZER_NONNULL = YES;
				CLANG_ANALYZER_NUMBER_OBJECT_CONVERSION = YES_AGGRESSIVE;
				CLANG_CXX_LANGUAGE_STANDARD = "gnu++17";
				CLANG_CXX_LIBRARY = "libc++";
				CLANG_ENABLE_MODULES = YES;
				CLANG_ENABLE_OBJC_ARC = YES;
				CLANG_ENABLE_OBJC_WEAK = YES;
				CLANG_WARN_BLOCK_CAPTURE_AUTORELEASING = YES;
				CLANG_WARN_BOOL_CONVERSION = YES;
				CLANG_WARN_COMMA = YES;
				CLANG_WARN_CONSTANT_CONVERSION = YES;
				CLANG_WARN_DEPRECATED_OBJC_IMPLEMENTATIONS = YES;
				CLANG_WARN_DIRECT_OBJC_ISA_USAGE = YES_ERROR;
				CLANG_WARN_DOCUMENTATION_COMMENTS = YES;
				CLANG_WARN_EMPTY_BODY = YES;
				CLANG_WARN_ENUM_CONVERSION = YES;
				CLANG_WARN_INFINITE_RECURSION = YES;
				CLANG_WARN_INT_CONVERSION = YES;
				CLANG_WARN_NON_LITERAL_NULL_CONVERSION = YES;
				CLANG_WARN_OBJC_IMPLICIT_RETAIN_SELF = YES;
				CLANG_WARN_OBJC_LITERAL_CONVERSION = YES;
				CLANG_WARN_OBJC_ROOT_CLASS = YES_ERROR;
				CLANG_WARN_QUOTED_INCLUDE_IN_FRAMEWORK_HEADER = YES;
				CLANG_WARN_RANGE_LOOP_ANALYSIS = YES;
				CLANG_WARN_STRICT_PROTOTYPES = YES;
				CLANG_WARN_SUSPICIOUS_MOVE = YES;
				CLANG_WARN_UNGUARDED_AVAILABILITY = YES_AGGRESSIVE;
				CLANG_WARN_UNREACHABLE_CODE = YES;
				CLANG_WARN__DUPLICATE_METHOD_MATCH = YES;
				COPY_PHASE_STRIP = NO;
				DEBUG_INFORMATION_FORMAT = dwarf;
				ENABLE_STRICT_OBJC_MSGSEND = YES;
				ENABLE_TESTABILITY = YES;
				GCC_C_LANGUAGE_STANDARD = gnu11;
				GCC_DYNAMIC_NO_PIC = NO;
				GCC_NO_COMMON_BLOCKS = YES;
				GCC_OPTIMIZATION_LEVEL = 0;
				GCC_PREPROCESSOR_DEFINITIONS = (
					"DEBUG=1",
					"$(inherited)",
				);
				GCC_WARN_64_TO_32_BIT_CONVERSION = YES;
				GCC_WARN_ABOUT_RETURN_TYPE = YES_ERROR;
				GCC_WARN_UNDECLARED_SELECTOR = YES;
				GCC_WARN_UNINITIALIZED_AUTOS = YES_AGGRESSIVE;
				GCC_WARN_UNUSED_FUNCTION = YES;
				GCC_WARN_UNUSED_VARIABLE = YES;
				IPHONEOS_DEPLOYMENT_TARGET = 15.2;
				MTL_ENABLE_DEBUG_INFO = INCLUDE_SOURCE;
				MTL_FAST_MATH = YES;
				ONLY_ACTIVE_ARCH = YES;
				SDKROOT = iphoneos;
				SWIFT_ACTIVE_COMPILATION_CONDITIONS = DEBUG;
				SWIFT_OPTIMIZATION_LEVEL = "-Onone";
			};
			name = Debug;
		};
		BAB8B6E528C5B5D2002669C2 /* Release */ = {
			isa = XCBuildConfiguration;
			buildSettings = {
				ALWAYS_SEARCH_USER_PATHS = NO;
				CLANG_ANALYZER_NONNULL = YES;
				CLANG_ANALYZER_NUMBER_OBJECT_CONVERSION = YES_AGGRESSIVE;
				CLANG_CXX_LANGUAGE_STANDARD = "gnu++17";
				CLANG_CXX_LIBRARY = "libc++";
				CLANG_ENABLE_MODULES = YES;
				CLANG_ENABLE_OBJC_ARC = YES;
				CLANG_ENABLE_OBJC_WEAK = YES;
				CLANG_WARN_BLOCK_CAPTURE_AUTORELEASING = YES;
				CLANG_WARN_BOOL_CONVERSION = YES;
				CLANG_WARN_COMMA = YES;
				CLANG_WARN_CONSTANT_CONVERSION = YES;
				CLANG_WARN_DEPRECATED_OBJC_IMPLEMENTATIONS = YES;
				CLANG_WARN_DIRECT_OBJC_ISA_USAGE = YES_ERROR;
				CLANG_WARN_DOCUMENTATION_COMMENTS = YES;
				CLANG_WARN_EMPTY_BODY = YES;
				CLANG_WARN_ENUM_CONVERSION = YES;
				CLANG_WARN_INFINITE_RECURSION = YES;
				CLANG_WARN_INT_CONVERSION = YES;
				CLANG_WARN_NON_LITERAL_NULL_CONVERSION = YES;
				CLANG_WARN_OBJC_IMPLICIT_RETAIN_SELF = YES;
				CLANG_WARN_OBJC_LITERAL_CONVERSION = YES;
				CLANG_WARN_OBJC_ROOT_CLASS = YES_ERROR;
				CLANG_WARN_QUOTED_INCLUDE_IN_FRAMEWORK_HEADER = YES;
				CLANG_WARN_RANGE_LOOP_ANALYSIS = YES;
				CLANG_WARN_STRICT_PROTOTYPES = YES;
				CLANG_WARN_SUSPICIOUS_MOVE = YES;
				CLANG_WARN_UNGUARDED_AVAILABILITY = YES_AGGRESSIVE;
				CLANG_WARN_UNREACHABLE_CODE = YES;
				CLANG_WARN__DUPLICATE_METHOD_MATCH = YES;
				COPY_PHASE_STRIP = NO;
				DEBUG_INFORMATION_FORMAT = "dwarf-with-dsym";
				ENABLE_NS_ASSERTIONS = NO;
				ENABLE_STRICT_OBJC_MSGSEND = YES;
				GCC_C_LANGUAGE_STANDARD = gnu11;
				GCC_NO_COMMON_BLOCKS = YES;
				GCC_WARN_64_TO_32_BIT_CONVERSION = YES;
				GCC_WARN_ABOUT_RETURN_TYPE = YES_ERROR;
				GCC_WARN_UNDECLARED_SELECTOR = YES;
				GCC_WARN_UNINITIALIZED_AUTOS = YES_AGGRESSIVE;
				GCC_WARN_UNUSED_FUNCTION = YES;
				GCC_WARN_UNUSED_VARIABLE = YES;
				IPHONEOS_DEPLOYMENT_TARGET = 15.2;
				MTL_ENABLE_DEBUG_INFO = NO;
				MTL_FAST_MATH = YES;
				SDKROOT = iphoneos;
				SWIFT_COMPILATION_MODE = wholemodule;
				SWIFT_OPTIMIZATION_LEVEL = "-O";
				VALIDATE_PRODUCT = YES;
			};
			name = Release;
		};
		BAB8B6E728C5B5D2002669C2 /* Debug */ = {
			isa = XCBuildConfiguration;
			buildSettings = {
				ASSETCATALOG_COMPILER_APPICON_NAME = AppIcon;
				ASSETCATALOG_COMPILER_GLOBAL_ACCENT_COLOR_NAME = AccentColor;
				CODE_SIGN_STYLE = Automatic;
				CURRENT_PROJECT_VERSION = 1;
				DEVELOPMENT_ASSET_PATHS = "\"SwiftUIFirebaseChat/Preview Content\"";
				ENABLE_PREVIEWS = YES;
				GENERATE_INFOPLIST_FILE = YES;
				INFOPLIST_KEY_UIApplicationSceneManifest_Generation = YES;
				INFOPLIST_KEY_UIApplicationSupportsIndirectInputEvents = YES;
				INFOPLIST_KEY_UILaunchScreen_Generation = YES;
				INFOPLIST_KEY_UISupportedInterfaceOrientations_iPad = "UIInterfaceOrientationPortrait UIInterfaceOrientationPortraitUpsideDown UIInterfaceOrientationLandscapeLeft UIInterfaceOrientationLandscapeRight";
				INFOPLIST_KEY_UISupportedInterfaceOrientations_iPhone = "UIInterfaceOrientationPortrait UIInterfaceOrientationLandscapeLeft UIInterfaceOrientationLandscapeRight";
				LD_RUNPATH_SEARCH_PATHS = (
					"$(inherited)",
					"@executable_path/Frameworks",
				);
				MARKETING_VERSION = 1.0;
				PRODUCT_BUNDLE_IDENTIFIER = com.ViStls.SwiftUIFirebaseChat;
				PRODUCT_NAME = "$(TARGET_NAME)";
				SWIFT_EMIT_LOC_STRINGS = YES;
				SWIFT_VERSION = 5.0;
				TARGETED_DEVICE_FAMILY = "1,2";
			};
			name = Debug;
		};
		BAB8B6E828C5B5D2002669C2 /* Release */ = {
			isa = XCBuildConfiguration;
			buildSettings = {
				ASSETCATALOG_COMPILER_APPICON_NAME = AppIcon;
				ASSETCATALOG_COMPILER_GLOBAL_ACCENT_COLOR_NAME = AccentColor;
				CODE_SIGN_STYLE = Automatic;
				CURRENT_PROJECT_VERSION = 1;
				DEVELOPMENT_ASSET_PATHS = "\"SwiftUIFirebaseChat/Preview Content\"";
				ENABLE_PREVIEWS = YES;
				GENERATE_INFOPLIST_FILE = YES;
				INFOPLIST_KEY_UIApplicationSceneManifest_Generation = YES;
				INFOPLIST_KEY_UIApplicationSupportsIndirectInputEvents = YES;
				INFOPLIST_KEY_UILaunchScreen_Generation = YES;
				INFOPLIST_KEY_UISupportedInterfaceOrientations_iPad = "UIInterfaceOrientationPortrait UIInterfaceOrientationPortraitUpsideDown UIInterfaceOrientationLandscapeLeft UIInterfaceOrientationLandscapeRight";
				INFOPLIST_KEY_UISupportedInterfaceOrientations_iPhone = "UIInterfaceOrientationPortrait UIInterfaceOrientationLandscapeLeft UIInterfaceOrientationLandscapeRight";
				LD_RUNPATH_SEARCH_PATHS = (
					"$(inherited)",
					"@executable_path/Frameworks",
				);
				MARKETING_VERSION = 1.0;
				PRODUCT_BUNDLE_IDENTIFIER = com.ViStls.SwiftUIFirebaseChat;
				PRODUCT_NAME = "$(TARGET_NAME)";
				SWIFT_EMIT_LOC_STRINGS = YES;
				SWIFT_VERSION = 5.0;
				TARGETED_DEVICE_FAMILY = "1,2";
			};
			name = Release;
		};
/* End XCBuildConfiguration section */

/* Begin XCConfigurationList section */
		BAB8B6D328C5B5CF002669C2 /* Build configuration list for PBXProject "SwiftUIFirebaseChat" */ = {
			isa = XCConfigurationList;
			buildConfigurations = (
				BAB8B6E428C5B5D2002669C2 /* Debug */,
				BAB8B6E528C5B5D2002669C2 /* Release */,
			);
			defaultConfigurationIsVisible = 0;
			defaultConfigurationName = Release;
		};
		BAB8B6E628C5B5D2002669C2 /* Build configuration list for PBXNativeTarget "SwiftUIFirebaseChat" */ = {
			isa = XCConfigurationList;
			buildConfigurations = (
				BAB8B6E728C5B5D2002669C2 /* Debug */,
				BAB8B6E828C5B5D2002669C2 /* Release */,
			);
			defaultConfigurationIsVisible = 0;
			defaultConfigurationName = Release;
		};
/* End XCConfigurationList section */

/* Begin XCRemoteSwiftPackageReference section */
		BA22F62B28C7422B00E856DE /* XCRemoteSwiftPackageReference "SDWebImageSwiftUI" */ = {
			isa = XCRemoteSwiftPackageReference;
			repositoryURL = "https://github.com/SDWebImage/SDWebImageSwiftUI";
			requirement = {
				kind = upToNextMajorVersion;
				minimumVersion = 2.0.0;
			};
		};
		BAB8B6F228C5E2C2002669C2 /* XCRemoteSwiftPackageReference "firebase-ios-sdk" */ = {
			isa = XCRemoteSwiftPackageReference;
			repositoryURL = "https://github.com/firebase/firebase-ios-sdk";
			requirement = {
				branch = master;
				kind = branch;
			};
		};
/* End XCRemoteSwiftPackageReference section */

/* Begin XCSwiftPackageProductDependency section */
		BA22F62C28C7422B00E856DE /* SDWebImageSwiftUI */ = {
			isa = XCSwiftPackageProductDependency;
			package = BA22F62B28C7422B00E856DE /* XCRemoteSwiftPackageReference "SDWebImageSwiftUI" */;
			productName = SDWebImageSwiftUI;
		};
		BAB8B6F328C5E2C2002669C2 /* FirebaseAuth */ = {
			isa = XCSwiftPackageProductDependency;
			package = BAB8B6F228C5E2C2002669C2 /* XCRemoteSwiftPackageReference "firebase-ios-sdk" */;
			productName = FirebaseAuth;
		};
		BAB8B6F528C5E2C2002669C2 /* FirebaseFirestore */ = {
			isa = XCSwiftPackageProductDependency;
			package = BAB8B6F228C5E2C2002669C2 /* XCRemoteSwiftPackageReference "firebase-ios-sdk" */;
			productName = FirebaseFirestore;
		};
		BAB8B6F728C5E2C2002669C2 /* FirebaseStorage */ = {
			isa = XCSwiftPackageProductDependency;
			package = BAB8B6F228C5E2C2002669C2 /* XCRemoteSwiftPackageReference "firebase-ios-sdk" */;
			productName = FirebaseStorage;
		};
/* End XCSwiftPackageProductDependency section */
	};
	rootObject = BAB8B6D028C5B5CF002669C2 /* Project object */;
}
